// !$*UTF8*$!
{
	archiveVersion = 1;
	classes = {
	};
	objectVersion = 77;
	objects = {

/* Begin PBXBuildFile section */
		6A03DD902DEF6728003FBBA5 /* DiaryManager.swift in Sources */ = {isa = PBXBuildFile; fileRef = 6A03DD842DEF6728003FBBA5 /* DiaryManager.swift */; };
		6A03DD912DEF6728003FBBA5 /* DiaryView.swift in Sources */ = {isa = PBXBuildFile; fileRef = 6A03DD862DEF6728003FBBA5 /* DiaryView.swift */; };
		6A03DD922DEF6728003FBBA5 /* NoEmoVibeMainView.swift in Sources */ = {isa = PBXBuildFile; fileRef = 6A03DD892DEF6728003FBBA5 /* NoEmoVibeMainView.swift */; };
		6A03DD932DEF6728003FBBA5 /* no_emo_vibeApp.swift in Sources */ = {isa = PBXBuildFile; fileRef = 6A03DD8E2DEF6728003FBBA5 /* no_emo_vibeApp.swift */; };
		6A03DD942DEF6728003FBBA5 /* MainTabView.swift in Sources */ = {isa = PBXBuildFile; fileRef = 6A03DD872DEF6728003FBBA5 /* MainTabView.swift */; };
		6A03DD952DEF6728003FBBA5 /* RelaxationView.swift in Sources */ = {isa = PBXBuildFile; fileRef = 6A03DD8A2DEF6728003FBBA5 /* RelaxationView.swift */; };
		6A03DD962DEF6728003FBBA5 /* MoodAnalysisView.swift in Sources */ = {isa = PBXBuildFile; fileRef = 6A03DD882DEF6728003FBBA5 /* MoodAnalysisView.swift */; };
		6A03DD972DEF6728003FBBA5 /* DiaryEntry.swift in Sources */ = {isa = PBXBuildFile; fileRef = 6A03DD822DEF6728003FBBA5 /* DiaryEntry.swift */; };
		6A03DD982DEF6728003FBBA5 /* Assets.xcassets in Resources */ = {isa = PBXBuildFile; fileRef = 6A03DD8C2DEF6728003FBBA5 /* Assets.xcassets */; };
/* End PBXBuildFile section */

/* Begin PBXFileReference section */
		6A03DD822DEF6728003FBBA5 /* DiaryEntry.swift */ = {isa = PBXFileReference; lastKnownFileType = sourcecode.swift; path = DiaryEntry.swift; sourceTree = "<group>"; };
		6A03DD842DEF6728003FBBA5 /* DiaryManager.swift */ = {isa = PBXFileReference; lastKnownFileType = sourcecode.swift; path = DiaryManager.swift; sourceTree = "<group>"; };
		6A03DD862DEF6728003FBBA5 /* DiaryView.swift */ = {isa = PBXFileReference; lastKnownFileType = sourcecode.swift; path = DiaryView.swift; sourceTree = "<group>"; };
		6A03DD872DEF6728003FBBA5 /* MainTabView.swift */ = {isa = PBXFileReference; lastKnownFileType = sourcecode.swift; path = MainTabView.swift; sourceTree = "<group>"; };
		6A03DD882DEF6728003FBBA5 /* MoodAnalysisView.swift */ = {isa = PBXFileReference; lastKnownFileType = sourcecode.swift; path = MoodAnalysisView.swift; sourceTree = "<group>"; };
		6A03DD892DEF6728003FBBA5 /* NoEmoVibeMainView.swift */ = {isa = PBXFileReference; lastKnownFileType = sourcecode.swift; path = NoEmoVibeMainView.swift; sourceTree = "<group>"; };
		6A03DD8A2DEF6728003FBBA5 /* RelaxationView.swift */ = {isa = PBXFileReference; lastKnownFileType = sourcecode.swift; path = RelaxationView.swift; sourceTree = "<group>"; };
		6A03DD8C2DEF6728003FBBA5 /* Assets.xcassets */ = {isa = PBXFileReference; lastKnownFileType = folder.assetcatalog; path = Assets.xcassets; sourceTree = "<group>"; };
		6A03DD8D2DEF6728003FBBA5 /* no_emo_vibe.entitlements */ = {isa = PBXFileReference; lastKnownFileType = text.plist.entitlements; path = no_emo_vibe.entitlements; sourceTree = "<group>"; };
		6A03DD8E2DEF6728003FBBA5 /* no_emo_vibeApp.swift */ = {isa = PBXFileReference; lastKnownFileType = sourcecode.swift; path = no_emo_vibeApp.swift; sourceTree = "<group>"; };
		6A41B4DC2DDE002600FE9B21 /* no-emo-vibe.app */ = {isa = PBXFileReference; explicitFileType = wrapper.application; includeInIndex = 0; path = "no-emo-vibe.app"; sourceTree = BUILT_PRODUCTS_DIR; };
/* End PBXFileReference section */

/* Begin PBXFrameworksBuildPhase section */
		6A41B4D92DDE002600FE9B21 /* Frameworks */ = {
			isa = PBXFrameworksBuildPhase;
			buildActionMask = 2147483647;
			files = (
			);
			runOnlyForDeploymentPostprocessing = 0;
		};
/* End PBXFrameworksBuildPhase section */

/* Begin PBXGroup section */
		6A03DD832DEF6728003FBBA5 /* Models */ = {
			isa = PBXGroup;
			children = (
				6A03DD822DEF6728003FBBA5 /* DiaryEntry.swift */,
			);
			path = Models;
			sourceTree = "<group>";
		};
		6A03DD852DEF6728003FBBA5 /* Services */ = {
			isa = PBXGroup;
			children = (
				6A03DD842DEF6728003FBBA5 /* DiaryManager.swift */,
			);
			path = Services;
			sourceTree = "<group>";
		};
		6A03DD8B2DEF6728003FBBA5 /* Views */ = {
			isa = PBXGroup;
			children = (
				6A03DD862DEF6728003FBBA5 /* DiaryView.swift */,
				6A03DD872DEF6728003FBBA5 /* MainTabView.swift */,
				6A03DD882DEF6728003FBBA5 /* MoodAnalysisView.swift */,
				6A03DD892DEF6728003FBBA5 /* NoEmoVibeMainView.swift */,
				6A03DD8A2DEF6728003FBBA5 /* RelaxationView.swift */,
			);
			path = Views;
			sourceTree = "<group>";
		};
		6A03DD8F2DEF6728003FBBA5 /* src */ = {
			isa = PBXGroup;
			children = (
				6A03DD832DEF6728003FBBA5 /* Models */,
				6A03DD852DEF6728003FBBA5 /* Services */,
				6A03DD8B2DEF6728003FBBA5 /* Views */,
				6A03DD8C2DEF6728003FBBA5 /* Assets.xcassets */,
				6A03DD8D2DEF6728003FBBA5 /* no_emo_vibe.entitlements */,
				6A03DD8E2DEF6728003FBBA5 /* no_emo_vibeApp.swift */,
			);
			path = src;
			sourceTree = "<group>";
		};
		6A41B4D32DDE002600FE9B21 = {
			isa = PBXGroup;
			children = (
				6A03DD8F2DEF6728003FBBA5 /* src */,
				6A41B4DD2DDE002600FE9B21 /* Products */,
			);
			sourceTree = "<group>";
		};
		6A41B4DD2DDE002600FE9B21 /* Products */ = {
			isa = PBXGroup;
			children = (
				6A41B4DC2DDE002600FE9B21 /* no-emo-vibe.app */,
			);
			name = Products;
			sourceTree = "<group>";
		};
/* End PBXGroup section */

/* Begin PBXNativeTarget section */
		6A41B4DB2DDE002600FE9B21 /* no-emo-vibe */ = {
			isa = PBXNativeTarget;
			buildConfigurationList = 6A41B4E82DDE002700FE9B21 /* Build configuration list for PBXNativeTarget "no-emo-vibe" */;
			buildPhases = (
				6A41B4D82DDE002600FE9B21 /* Sources */,
				6A41B4D92DDE002600FE9B21 /* Frameworks */,
				6A41B4DA2DDE002600FE9B21 /* Resources */,
			);
			buildRules = (
			);
			dependencies = (
			);
			name = "no-emo-vibe";
			packageProductDependencies = (
			);
			productName = "no-emo-vibe";
			productReference = 6A41B4DC2DDE002600FE9B21 /* no-emo-vibe.app */;
			productType = "com.apple.product-type.application";
		};
/* End PBXNativeTarget section */

/* Begin PBXProject section */
		6A41B4D42DDE002600FE9B21 /* Project object */ = {
			isa = PBXProject;
			attributes = {
				BuildIndependentTargetsInParallel = 1;
				LastSwiftUpdateCheck = 1630;
				LastUpgradeCheck = 1630;
				TargetAttributes = {
					6A41B4DB2DDE002600FE9B21 = {
						CreatedOnToolsVersion = 16.3;
					};
				};
			};
			buildConfigurationList = 6A41B4D72DDE002600FE9B21 /* Build configuration list for PBXProject "no-emo-vibe" */;
			developmentRegion = en;
			hasScannedForEncodings = 0;
			knownRegions = (
				en,
				Base,
			);
			mainGroup = 6A41B4D32DDE002600FE9B21;
			minimizedProjectReferenceProxies = 1;
			packageReferences = (
			);
			preferredProjectObjectVersion = 77;
			productRefGroup = 6A41B4DD2DDE002600FE9B21 /* Products */;
			projectDirPath = "";
			projectRoot = "";
			targets = (
				6A41B4DB2DDE002600FE9B21 /* no-emo-vibe */,
			);
		};
/* End PBXProject section */

/* Begin PBXResourcesBuildPhase section */
		6A41B4DA2DDE002600FE9B21 /* Resources */ = {
			isa = PBXResourcesBuildPhase;
			buildActionMask = 2147483647;
			files = (
				6A03DD982DEF6728003FBBA5 /* Assets.xcassets in Resources */,
			);
			runOnlyForDeploymentPostprocessing = 0;
		};
/* End PBXResourcesBuildPhase section */

/* Begin PBXSourcesBuildPhase section */
		6A41B4D82DDE002600FE9B21 /* Sources */ = {
			isa = PBXSourcesBuildPhase;
			buildActionMask = 2147483647;
			files = (
				6A03DD902DEF6728003FBBA5 /* DiaryManager.swift in Sources */,
				6A03DD912DEF6728003FBBA5 /* DiaryView.swift in Sources */,
				6A03DD922DEF6728003FBBA5 /* NoEmoVibeMainView.swift in Sources */,
				6A03DD932DEF6728003FBBA5 /* no_emo_vibeApp.swift in Sources */,
				6A03DD942DEF6728003FBBA5 /* MainTabView.swift in Sources */,
				6A03DD952DEF6728003FBBA5 /* RelaxationView.swift in Sources */,
				6A03DD962DEF6728003FBBA5 /* MoodAnalysisView.swift in Sources */,
				6A03DD972DEF6728003FBBA5 /* DiaryEntry.swift in Sources */,
			);
			runOnlyForDeploymentPostprocessing = 0;
		};
/* End PBXSourcesBuildPhase section */

/* Begin XCBuildConfiguration section */
		6A41B4E62DDE002700FE9B21 /* Debug */ = {
			isa = XCBuildConfiguration;
			buildSettings = {
				ALWAYS_SEARCH_USER_PATHS = NO;
				ASSETCATALOG_COMPILER_GENERATE_SWIFT_ASSET_SYMBOL_EXTENSIONS = YES;
				CLANG_ANALYZER_NONNULL = YES;
				CLANG_ANALYZER_NUMBER_OBJECT_CONVERSION = YES_AGGRESSIVE;
				CLANG_CXX_LANGUAGE_STANDARD = "gnu++20";
				CLANG_ENABLE_MODULES = YES;
				CLANG_ENABLE_OBJC_ARC = YES;
				CLANG_ENABLE_OBJC_WEAK = YES;
				CLANG_WARN_BLOCK_CAPTURE_AUTORELEASING = YES;
				CLANG_WARN_BOOL_CONVERSION = YES;
				CLANG_WARN_COMMA = YES;
				CLANG_WARN_CONSTANT_CONVERSION = YES;
				CLANG_WARN_DEPRECATED_OBJC_IMPLEMENTATIONS = YES;
				CLANG_WARN_DIRECT_OBJC_ISA_USAGE = YES_ERROR;
				CLANG_WARN_DOCUMENTATION_COMMENTS = YES;
				CLANG_WARN_EMPTY_BODY = YES;
				CLANG_WARN_ENUM_CONVERSION = YES;
				CLANG_WARN_INFINITE_RECURSION = YES;
				CLANG_WARN_INT_CONVERSION = YES;
				CLANG_WARN_NON_LITERAL_NULL_CONVERSION = YES;
				CLANG_WARN_OBJC_IMPLICIT_RETAIN_SELF = YES;
				CLANG_WARN_OBJC_LITERAL_CONVERSION = YES;
				CLANG_WARN_OBJC_ROOT_CLASS = YES_ERROR;
				CLANG_WARN_QUOTED_INCLUDE_IN_FRAMEWORK_HEADER = YES;
				CLANG_WARN_RANGE_LOOP_ANALYSIS = YES;
				CLANG_WARN_STRICT_PROTOTYPES = YES;
				CLANG_WARN_SUSPICIOUS_MOVE = YES;
				CLANG_WARN_UNGUARDED_AVAILABILITY = YES_AGGRESSIVE;
				CLANG_WARN_UNREACHABLE_CODE = YES;
				CLANG_WARN__DUPLICATE_METHOD_MATCH = YES;
				COPY_PHASE_STRIP = NO;
				DEBUG_INFORMATION_FORMAT = dwarf;
				ENABLE_STRICT_OBJC_MSGSEND = YES;
				ENABLE_TESTABILITY = YES;
				ENABLE_USER_SCRIPT_SANDBOXING = YES;
				GCC_C_LANGUAGE_STANDARD = gnu17;
				GCC_DYNAMIC_NO_PIC = NO;
				GCC_NO_COMMON_BLOCKS = YES;
				GCC_OPTIMIZATION_LEVEL = 0;
				GCC_PREPROCESSOR_DEFINITIONS = (
					"DEBUG=1",
					"$(inherited)",
				);
				GCC_WARN_64_TO_32_BIT_CONVERSION = YES;
				GCC_WARN_ABOUT_RETURN_TYPE = YES_ERROR;
				GCC_WARN_UNDECLARED_SELECTOR = YES;
				GCC_WARN_UNINITIALIZED_AUTOS = YES_AGGRESSIVE;
				GCC_WARN_UNUSED_FUNCTION = YES;
				GCC_WARN_UNUSED_VARIABLE = YES;
				LOCALIZATION_PREFERS_STRING_CATALOGS = YES;
				MTL_ENABLE_DEBUG_INFO = INCLUDE_SOURCE;
				MTL_FAST_MATH = YES;
				ONLY_ACTIVE_ARCH = YES;
				SWIFT_ACTIVE_COMPILATION_CONDITIONS = "DEBUG $(inherited)";
				SWIFT_OPTIMIZATION_LEVEL = "-Onone";
			};
			name = Debug;
		};
		6A41B4E72DDE002700FE9B21 /* Release */ = {
			isa = XCBuildConfiguration;
			buildSettings = {
				ALWAYS_SEARCH_USER_PATHS = NO;
				ASSETCATALOG_COMPILER_GENERATE_SWIFT_ASSET_SYMBOL_EXTENSIONS = YES;
				CLANG_ANALYZER_NONNULL = YES;
				CLANG_ANALYZER_NUMBER_OBJECT_CONVERSION = YES_AGGRESSIVE;
				CLANG_CXX_LANGUAGE_STANDARD = "gnu++20";
				CLANG_ENABLE_MODULES = YES;
				CLANG_ENABLE_OBJC_ARC = YES;
				CLANG_ENABLE_OBJC_WEAK = YES;
				CLANG_WARN_BLOCK_CAPTURE_AUTORELEASING = YES;
				CLANG_WARN_BOOL_CONVERSION = YES;
				CLANG_WARN_COMMA = YES;
				CLANG_WARN_CONSTANT_CONVERSION = YES;
				CLANG_WARN_DEPRECATED_OBJC_IMPLEMENTATIONS = YES;
				CLANG_WARN_DIRECT_OBJC_ISA_USAGE = YES_ERROR;
				CLANG_WARN_DOCUMENTATION_COMMENTS = YES;
				CLANG_WARN_EMPTY_BODY = YES;
				CLANG_WARN_ENUM_CONVERSION = YES;
				CLANG_WARN_INFINITE_RECURSION = YES;
				CLANG_WARN_INT_CONVERSION = YES;
				CLANG_WARN_NON_LITERAL_NULL_CONVERSION = YES;
				CLANG_WARN_OBJC_IMPLICIT_RETAIN_SELF = YES;
				CLANG_WARN_OBJC_LITERAL_CONVERSION = YES;
				CLANG_WARN_OBJC_ROOT_CLASS = YES_ERROR;
				CLANG_WARN_QUOTED_INCLUDE_IN_FRAMEWORK_HEADER = YES;
				CLANG_WARN_RANGE_LOOP_ANALYSIS = YES;
				CLANG_WARN_STRICT_PROTOTYPES = YES;
				CLANG_WARN_SUSPICIOUS_MOVE = YES;
				CLANG_WARN_UNGUARDED_AVAILABILITY = YES_AGGRESSIVE;
				CLANG_WARN_UNREACHABLE_CODE = YES;
				CLANG_WARN__DUPLICATE_METHOD_MATCH = YES;
				COPY_PHASE_STRIP = NO;
				DEBUG_INFORMATION_FORMAT = "dwarf-with-dsym";
				ENABLE_NS_ASSERTIONS = NO;
				ENABLE_STRICT_OBJC_MSGSEND = YES;
				ENABLE_USER_SCRIPT_SANDBOXING = YES;
				GCC_C_LANGUAGE_STANDARD = gnu17;
				GCC_NO_COMMON_BLOCKS = YES;
				GCC_WARN_64_TO_32_BIT_CONVERSION = YES;
				GCC_WARN_ABOUT_RETURN_TYPE = YES_ERROR;
				GCC_WARN_UNDECLARED_SELECTOR = YES;
				GCC_WARN_UNINITIALIZED_AUTOS = YES_AGGRESSIVE;
				GCC_WARN_UNUSED_FUNCTION = YES;
				GCC_WARN_UNUSED_VARIABLE = YES;
				LOCALIZATION_PREFERS_STRING_CATALOGS = YES;
				MTL_ENABLE_DEBUG_INFO = NO;
				MTL_FAST_MATH = YES;
				SWIFT_COMPILATION_MODE = wholemodule;
			};
			name = Release;
		};
		6A41B4E92DDE002700FE9B21 /* Debug */ = {
			isa = XCBuildConfiguration;
			buildSettings = {
				ASSETCATALOG_COMPILER_APPICON_NAME = AppIcon;
				ASSETCATALOG_COMPILER_GLOBAL_ACCENT_COLOR_NAME = AccentColor;
				CODE_SIGN_ENTITLEMENTS = src/no_emo_vibe.entitlements;
				"CODE_SIGN_IDENTITY[sdk=macosx*]" = "Apple Development";
				CODE_SIGN_STYLE = Automatic;
				CURRENT_PROJECT_VERSION = 1;
				DEVELOPMENT_TEAM = TG2CPSS792;
				ENABLE_PREVIEWS = YES;
				GENERATE_INFOPLIST_FILE = YES;
				"INFOPLIST_KEY_UIApplicationSceneManifest_Generation[sdk=iphoneos*]" = YES;
				"INFOPLIST_KEY_UIApplicationSceneManifest_Generation[sdk=iphonesimulator*]" = YES;
				"INFOPLIST_KEY_UIApplicationSupportsIndirectInputEvents[sdk=iphoneos*]" = YES;
				"INFOPLIST_KEY_UIApplicationSupportsIndirectInputEvents[sdk=iphonesimulator*]" = YES;
				"INFOPLIST_KEY_UILaunchScreen_Generation[sdk=iphoneos*]" = YES;
				"INFOPLIST_KEY_UILaunchScreen_Generation[sdk=iphonesimulator*]" = YES;
				"INFOPLIST_KEY_UIStatusBarStyle[sdk=iphoneos*]" = UIStatusBarStyleDefault;
				"INFOPLIST_KEY_UIStatusBarStyle[sdk=iphonesimulator*]" = UIStatusBarStyleDefault;
				INFOPLIST_KEY_UISupportedInterfaceOrientations_iPad = "UIInterfaceOrientationPortrait UIInterfaceOrientationPortraitUpsideDown UIInterfaceOrientationLandscapeLeft UIInterfaceOrientationLandscapeRight";
				INFOPLIST_KEY_UISupportedInterfaceOrientations_iPhone = "UIInterfaceOrientationPortrait UIInterfaceOrientationLandscapeLeft UIInterfaceOrientationLandscapeRight";
				IPHONEOS_DEPLOYMENT_TARGET = 18.4;
				LD_RUNPATH_SEARCH_PATHS = "@executable_path/Frameworks";
				"LD_RUNPATH_SEARCH_PATHS[sdk=macosx*]" = "@executable_path/../Frameworks";
				MACOSX_DEPLOYMENT_TARGET = 15.3;
				MARKETING_VERSION = 1.0;
				PRODUCT_BUNDLE_IDENTIFIER = com.qiuyuhan.noemovibe;
				PRODUCT_NAME = "$(TARGET_NAME)";
				REGISTER_APP_GROUPS = YES;
				SDKROOT = auto;
				SUPPORTED_PLATFORMS = "iphoneos iphonesimulator macosx xros xrsimulator";
				SWIFT_EMIT_LOC_STRINGS = YES;
				SWIFT_VERSION = 5.0;
				TARGETED_DEVICE_FAMILY = "1,2,7";
				XROS_DEPLOYMENT_TARGET = 2.4;
			};
			name = Debug;
		};
		6A41B4EA2DDE002700FE9B21 /* Release */ = {
			isa = XCBuildConfiguration;
			buildSettings = {
				ASSETCATALOG_COMPILER_APPICON_NAME = AppIcon;
				ASSETCATALOG_COMPILER_GLOBAL_ACCENT_COLOR_NAME = AccentColor;
				CODE_SIGN_ENTITLEMENTS = src/no_emo_vibe.entitlements;
				"CODE_SIGN_IDENTITY[sdk=macosx*]" = "Apple Development";
				CODE_SIGN_STYLE = Automatic;
				CURRENT_PROJECT_VERSION = 1;
				DEVELOPMENT_TEAM = TG2CPSS792;
				ENABLE_PREVIEWS = YES;
				GENERATE_INFOPLIST_FILE = YES;
				"INFOPLIST_KEY_UIApplicationSceneManifest_Generation[sdk=iphoneos*]" = YES;
				"INFOPLIST_KEY_UIApplicationSceneManifest_Generation[sdk=iphonesimulator*]" = YES;
				"INFOPLIST_KEY_UIApplicationSupportsIndirectInputEvents[sdk=iphoneos*]" = YES;
				"INFOPLIST_KEY_UIApplicationSupportsIndirectInputEvents[sdk=iphonesimulator*]" = YES;
				"INFOPLIST_KEY_UILaunchScreen_Generation[sdk=iphoneos*]" = YES;
				"INFOPLIST_KEY_UILaunchScreen_Generation[sdk=iphonesimulator*]" = YES;
				"INFOPLIST_KEY_UIStatusBarStyle[sdk=iphoneos*]" = UIStatusBarStyleDefault;
				"INFOPLIST_KEY_UIStatusBarStyle[sdk=iphonesimulator*]" = UIStatusBarStyleDefault;
				INFOPLIST_KEY_UISupportedInterfaceOrientations_iPad = "UIInterfaceOrientationPortrait UIInterfaceOrientationPortraitUpsideDown UIInterfaceOrientationLandscapeLeft UIInterfaceOrientationLandscapeRight";
				INFOPLIST_KEY_UISupportedInterfaceOrientations_iPhone = "UIInterfaceOrientationPortrait UIInterfaceOrientationLandscapeLeft UIInterfaceOrientationLandscapeRight";
				IPHONEOS_DEPLOYMENT_TARGET = 18.4;
				LD_RUNPATH_SEARCH_PATHS = "@executable_path/Frameworks";
				"LD_RUNPATH_SEARCH_PATHS[sdk=macosx*]" = "@executable_path/../Frameworks";
				MACOSX_DEPLOYMENT_TARGET = 15.3;
				MARKETING_VERSION = 1.0;
				PRODUCT_BUNDLE_IDENTIFIER = com.qiuyuhan.noemovibe;
				PRODUCT_NAME = "$(TARGET_NAME)";
				REGISTER_APP_GROUPS = YES;
				SDKROOT = auto;
				SUPPORTED_PLATFORMS = "iphoneos iphonesimulator macosx xros xrsimulator";
				SWIFT_EMIT_LOC_STRINGS = YES;
				SWIFT_VERSION = 5.0;
				TARGETED_DEVICE_FAMILY = "1,2,7";
				XROS_DEPLOYMENT_TARGET = 2.4;
			};
			name = Release;
		};
/* End XCBuildConfiguration section */

/* Begin XCConfigurationList section */
		6A41B4D72DDE002600FE9B21 /* Build configuration list for PBXProject "no-emo-vibe" */ = {
			isa = XCConfigurationList;
			buildConfigurations = (
				6A41B4E62DDE002700FE9B21 /* Debug */,
				6A41B4E72DDE002700FE9B21 /* Release */,
			);
			defaultConfigurationIsVisible = 0;
			defaultConfigurationName = Release;
		};
		6A41B4E82DDE002700FE9B21 /* Build configuration list for PBXNativeTarget "no-emo-vibe" */ = {
			isa = XCConfigurationList;
			buildConfigurations = (
				6A41B4E92DDE002700FE9B21 /* Debug */,
				6A41B4EA2DDE002700FE9B21 /* Release */,
			);
			defaultConfigurationIsVisible = 0;
			defaultConfigurationName = Release;
		};
/* End XCConfigurationList section */
	};
	rootObject = 6A41B4D42DDE002600FE9B21 /* Project object */;
}
